{
  "- [kc] kettle-jem/prepare: updated 6 project files:\n- dependencies (6)": [
    {
      "file": "CHANGELOG.md",
      "lines": [
        58,
        74
      ]
    }
  ],
  "exec_cmd: \"kettle-test\"\nrubygems: latest": [
    {
      "file": ".github/workflows/current.yml",
      "lines": [
        43,
        49
      ]
    }
  ]
}
